
Microsoft Visual Studio Solution File, Format Version 12.00
# Visual Studio Version 17
VisualStudioVersion = 17.5.33516.290
MinimumVisualStudioVersion = 10.0.40219.1
Project("{9A19103F-16F7-4668-BE54-9A1E7A4F7556}") = "ChallengeApp", "ChallengeApp\ChallengeApp.csproj", "{C47421B9-3AD4-43AF-8C97-927FBB99B5F5}"
EndProject
Project("{FAE04EC0-301F-11D3-BF4B-00C04F79EFBC}") = "ChallengeApp_TEST", "ChallengeApp_TEST\ChallengeApp_TEST.csproj", "{492F080F-AD46-4BA1-B7BD-0F2AE9F4A59F}"
EndProject
Global
	GlobalSection(SolutionConfigurationPlatforms) = preSolution
		Debug|Any CPU = Debug|Any CPU
		Release|Any CPU = Release|Any CPU
	EndGlobalSection
	GlobalSection(ProjectConfigurationPlatforms) = postSolution
		{C47421B9-3AD4-43AF-8C97-927FBB99B5F5}.Debug|Any CPU.ActiveCfg = Debug|Any CPU
		{C47421B9-3AD4-43AF-8C97-927FBB99B5F5}.Debug|Any CPU.Build.0 = Debug|Any CPU
		{C47421B9-3AD4-43AF-8C97-927FBB99B5F5}.Release|Any CPU.ActiveCfg = Release|Any CPU
		{C47421B9-3AD4-43AF-8C97-927FBB99B5F5}.Release|Any CPU.Build.0 = Release|Any CPU
		{492F080F-AD46-4BA1-B7BD-0F2AE9F4A59F}.Debug|Any CPU.ActiveCfg = Debug|Any CPU
		{492F080F-AD46-4BA1-B7BD-0F2AE9F4A59F}.Debug|Any CPU.Build.0 = Debug|Any CPU
		{492F080F-AD46-4BA1-B7BD-0F2AE9F4A59F}.Release|Any CPU.ActiveCfg = Release|Any CPU
		{492F080F-AD46-4BA1-B7BD-0F2AE9F4A59F}.Release|Any CPU.Build.0 = Release|Any CPU
	EndGlobalSection
	GlobalSection(SolutionProperties) = preSolution
		HideSolutionNode = FALSE
	EndGlobalSection
	GlobalSection(ExtensibilityGlobals) = postSolution
		SolutionGuid = {ED71897E-6F35-4543-960E-83364AF03887}
	EndGlobalSection
EndGlobal
